
Microsoft Visual Studio Solution File, Format Version 12.00
# Visual Studio Version 17
VisualStudioVersion = 17.5.002.0
MinimumVisualStudioVersion = 10.0.40219.1
Project("{9A19103F-16F7-4668-BE54-9A1E7A4F7556}") = "FichaCadastral", "FichaCadastral.csproj", "{3FEFC43F-25F6-449F-86D5-E18AE1673140}"
EndProject
Global
	GlobalSection(SolutionConfigurationPlatforms) = preSolution
		Debug|Any CPU = Debug|Any CPU
		Release|Any CPU = Release|Any CPU
	EndGlobalSection
	GlobalSection(ProjectConfigurationPlatforms) = postSolution
		{3FEFC43F-25F6-449F-86D5-E18AE1673140}.Debug|Any CPU.ActiveCfg = Debug|Any CPU
		{3FEFC43F-25F6-449F-86D5-E18AE1673140}.Debug|Any CPU.Build.0 = Debug|Any CPU
		{3FEFC43F-25F6-449F-86D5-E18AE1673140}.Release|Any CPU.ActiveCfg = Release|Any CPU
		{3FEFC43F-25F6-449F-86D5-E18AE1673140}.Release|Any CPU.Build.0 = Release|Any CPU
	EndGlobalSection
	GlobalSection(SolutionProperties) = preSolution
		HideSolutionNode = FALSE
	EndGlobalSection
	GlobalSection(ExtensibilityGlobals) = postSolution
		SolutionGuid = {E4B5CD30-2D50-489F-9B96-7E99C4FD362C}
	EndGlobalSection
EndGlobal
